
Microsoft Visual Studio Solution File, Format Version 12.00
# Visual Studio Version 17
VisualStudioVersion = 17.14.36109.1
MinimumVisualStudioVersion = 10.0.40219.1
Project("{FAE04EC0-301F-11D3-BF4B-00C04F79EFBC}") = "VG.backend", "VG.backend.csproj", "{54302350-C19A-4051-BCCD-401429A28727}"
EndProject
Project("{FAE04EC0-301F-11D3-BF4B-00C04F79EFBC}") = "VG.Domain", "..\Domain\VG.Domain.csproj", "{AFE30907-EB12-1693-7B31-DB06276360D1}"
EndProject
Project("{FAE04EC0-301F-11D3-BF4B-00C04F79EFBC}") = "VG.Services", "..\Services\VG.Services.csproj", "{1698F324-B096-CF74-E35D-95E896FB9196}"
EndProject
Project("{FAE04EC0-301F-11D3-BF4B-00C04F79EFBC}") = "VG.EfCore", "..\EfCore\VG.EfCore.csproj", "{EE7B1AE4-8695-6154-C849-FD0C2E23C45E}"
EndProject
Project("{FAE04EC0-301F-11D3-BF4B-00C04F79EFBC}") = "VG.Common", "..\Common\VG.Common.csproj", "{B259200C-8444-88FC-BD83-2DFF3502732C}"
EndProject
Global
	GlobalSection(SolutionConfigurationPlatforms) = preSolution
		Debug|Any CPU = Debug|Any CPU
		Release|Any CPU = Release|Any CPU
	EndGlobalSection
	GlobalSection(ProjectConfigurationPlatforms) = postSolution
		{54302350-C19A-4051-BCCD-401429A28727}.Debug|Any CPU.ActiveCfg = Debug|Any CPU
		{54302350-C19A-4051-BCCD-401429A28727}.Debug|Any CPU.Build.0 = Debug|Any CPU
		{54302350-C19A-4051-BCCD-401429A28727}.Release|Any CPU.ActiveCfg = Release|Any CPU
		{54302350-C19A-4051-BCCD-401429A28727}.Release|Any CPU.Build.0 = Release|Any CPU
		{AFE30907-EB12-1693-7B31-DB06276360D1}.Debug|Any CPU.ActiveCfg = Debug|Any CPU
		{AFE30907-EB12-1693-7B31-DB06276360D1}.Debug|Any CPU.Build.0 = Debug|Any CPU
		{AFE30907-EB12-1693-7B31-DB06276360D1}.Release|Any CPU.ActiveCfg = Release|Any CPU
		{AFE30907-EB12-1693-7B31-DB06276360D1}.Release|Any CPU.Build.0 = Release|Any CPU
		{1698F324-B096-CF74-E35D-95E896FB9196}.Debug|Any CPU.ActiveCfg = Debug|Any CPU
		{1698F324-B096-CF74-E35D-95E896FB9196}.Debug|Any CPU.Build.0 = Debug|Any CPU
		{1698F324-B096-CF74-E35D-95E896FB9196}.Release|Any CPU.ActiveCfg = Release|Any CPU
		{1698F324-B096-CF74-E35D-95E896FB9196}.Release|Any CPU.Build.0 = Release|Any CPU
		{EE7B1AE4-8695-6154-C849-FD0C2E23C45E}.Debug|Any CPU.ActiveCfg = Debug|Any CPU
		{EE7B1AE4-8695-6154-C849-FD0C2E23C45E}.Debug|Any CPU.Build.0 = Debug|Any CPU
		{EE7B1AE4-8695-6154-C849-FD0C2E23C45E}.Release|Any CPU.ActiveCfg = Release|Any CPU
		{EE7B1AE4-8695-6154-C849-FD0C2E23C45E}.Release|Any CPU.Build.0 = Release|Any CPU
		{B259200C-8444-88FC-BD83-2DFF3502732C}.Debug|Any CPU.ActiveCfg = Debug|Any CPU
		{B259200C-8444-88FC-BD83-2DFF3502732C}.Debug|Any CPU.Build.0 = Debug|Any CPU
		{B259200C-8444-88FC-BD83-2DFF3502732C}.Release|Any CPU.ActiveCfg = Release|Any CPU
		{B259200C-8444-88FC-BD83-2DFF3502732C}.Release|Any CPU.Build.0 = Release|Any CPU
	EndGlobalSection
	GlobalSection(SolutionProperties) = preSolution
		HideSolutionNode = FALSE
	EndGlobalSection
	GlobalSection(ExtensibilityGlobals) = postSolution
		SolutionGuid = {16DFC05E-8D3F-4363-984F-692F70DA3CB3}
	EndGlobalSection
EndGlobal
